PODS:
  - Alamofire (4.4.0)
  - BlueSocket (0.12.35)
  - PKHUD (4.2.1)
  - PromiseKit (4.2.0):
    - PromiseKit/Foundation (= 4.2.0)
    - PromiseKit/QuartzCore (= 4.2.0)
    - PromiseKit/UIKit (= 4.2.0)
  - PromiseKit/CorePromise (4.2.0)
  - PromiseKit/Foundation (4.2.0):
    - PromiseKit/CorePromise
  - PromiseKit/QuartzCore (4.2.0):
    - PromiseKit/CorePromise
  - PromiseKit/UIKit (4.2.0):
    - PromiseKit/CorePromise
  - SwiftKeychainWrapper (3.0.1)
  - SwiftyJSON (3.1.4)

DEPENDENCIES:
  - Alamofire (~> 4.0)
  - BlueSocket
  - PKHUD (~> 4.0)
  - PromiseKit (~> 4.0)
  - SwiftKeychainWrapper
  - SwiftyJSON

SPEC CHECKSUMS:
  Alamofire: dc44b1600b800eb63da6a19039a0083d62a6a62d
  BlueSocket: 4cdbbcd62b2b02897817b689477f4d4f3fa54944
  PKHUD: 957ce2a68b3c97a51839b30216120c1dbc0c3a78
  PromiseKit: 08dfb783c161ddcd95b7912421f14c5113fd8318
  SwiftKeychainWrapper: 38952a3636320ae61bad3513cadd870929de7a4a
  SwiftyJSON: c2842d878f95482ffceec5709abc3d05680c0220

PODFILE CHECKSUM: ac838216257664c804e2fb5f8774eead4c9a9eaa

COCOAPODS: 1.2.1
