// !$*UTF8*$!
{
	archiveVersion = 1;
	classes = {
	};
	objectVersion = 46;
	objects = {

/* Begin PBXBuildFile section */
		73647CF31EF1915F0044C2F6 /* AppDelegate.swift in Sources */ = {isa = PBXBuildFile; fileRef = 73647CF21EF1915F0044C2F6 /* AppDelegate.swift */; };
		73647CF51EF1915F0044C2F6 /* LoginViewController.swift in Sources */ = {isa = PBXBuildFile; fileRef = 73647CF41EF1915F0044C2F6 /* LoginViewController.swift */; };
		73647CF81EF1915F0044C2F6 /* Main.storyboard in Resources */ = {isa = PBXBuildFile; fileRef = 73647CF61EF1915F0044C2F6 /* Main.storyboard */; };
		73647CFA1EF1915F0044C2F6 /* Assets.xcassets in Resources */ = {isa = PBXBuildFile; fileRef = 73647CF91EF1915F0044C2F6 /* Assets.xcassets */; };
		73647CFD1EF1915F0044C2F6 /* LaunchScreen.storyboard in Resources */ = {isa = PBXBuildFile; fileRef = 73647CFB1EF1915F0044C2F6 /* LaunchScreen.storyboard */; };
		73647D081EF1915F0044C2F6 /* GennyTests.swift in Sources */ = {isa = PBXBuildFile; fileRef = 73647D071EF1915F0044C2F6 /* GennyTests.swift */; };
		73647D131EF1915F0044C2F6 /* GennyUITests.swift in Sources */ = {isa = PBXBuildFile; fileRef = 73647D121EF1915F0044C2F6 /* GennyUITests.swift */; };
		737652D11EF68A49003A832D /* Int+Additions.swift in Sources */ = {isa = PBXBuildFile; fileRef = 737652D01EF68A49003A832D /* Int+Additions.swift */; };
		73A495D41EF53A270012CA4E /* EventBus.swift in Sources */ = {isa = PBXBuildFile; fileRef = 73A495CF1EF53A270012CA4E /* EventBus.swift */; };
		73A495D51EF53A270012CA4E /* Message.swift in Sources */ = {isa = PBXBuildFile; fileRef = 73A495D01EF53A270012CA4E /* Message.swift */; };
		73A495D61EF53A270012CA4E /* Mutex.swift in Sources */ = {isa = PBXBuildFile; fileRef = 73A495D11EF53A270012CA4E /* Mutex.swift */; };
		73A495D71EF53A270012CA4E /* Response.swift in Sources */ = {isa = PBXBuildFile; fileRef = 73A495D21EF53A270012CA4E /* Response.swift */; };
		73A495D81EF53A270012CA4E /* Util.swift in Sources */ = {isa = PBXBuildFile; fileRef = 73A495D31EF53A270012CA4E /* Util.swift */; };
		73BC9C571EF2551400032F36 /* API.swift in Sources */ = {isa = PBXBuildFile; fileRef = 73BC9C561EF2551400032F36 /* API.swift */; };
		73BC9C581EF2551400032F36 /* API.swift in Sources */ = {isa = PBXBuildFile; fileRef = 73BC9C561EF2551400032F36 /* API.swift */; };
		73BC9C5A1EF2681100032F36 /* ServerPrtocols.swift in Sources */ = {isa = PBXBuildFile; fileRef = 73BC9C591EF2681100032F36 /* ServerPrtocols.swift */; };
		73BC9C5B1EF2681100032F36 /* ServerPrtocols.swift in Sources */ = {isa = PBXBuildFile; fileRef = 73BC9C591EF2681100032F36 /* ServerPrtocols.swift */; };
		73BC9C5D1EF2688400032F36 /* ServerGateway.swift in Sources */ = {isa = PBXBuildFile; fileRef = 73BC9C5C1EF2688400032F36 /* ServerGateway.swift */; };
		73BC9C5E1EF2688400032F36 /* ServerGateway.swift in Sources */ = {isa = PBXBuildFile; fileRef = 73BC9C5C1EF2688400032F36 /* ServerGateway.swift */; };
		73BC9C601EF268F600032F36 /* ServerGateway+Authentication.swift in Sources */ = {isa = PBXBuildFile; fileRef = 73BC9C5F1EF268F600032F36 /* ServerGateway+Authentication.swift */; };
		73BC9C611EF268F600032F36 /* ServerGateway+Authentication.swift in Sources */ = {isa = PBXBuildFile; fileRef = 73BC9C5F1EF268F600032F36 /* ServerGateway+Authentication.swift */; };
		73BC9C651EF26B2F00032F36 /* AuthenticationServiceProtocol.swift in Sources */ = {isa = PBXBuildFile; fileRef = 73BC9C641EF26B2F00032F36 /* AuthenticationServiceProtocol.swift */; };
		73BC9C661EF26B2F00032F36 /* AuthenticationServiceProtocol.swift in Sources */ = {isa = PBXBuildFile; fileRef = 73BC9C641EF26B2F00032F36 /* AuthenticationServiceProtocol.swift */; };
		73BC9C681EF26B5E00032F36 /* AuthenticationService.swift in Sources */ = {isa = PBXBuildFile; fileRef = 73BC9C671EF26B5E00032F36 /* AuthenticationService.swift */; };
		73BC9C691EF26B5E00032F36 /* AuthenticationService.swift in Sources */ = {isa = PBXBuildFile; fileRef = 73BC9C671EF26B5E00032F36 /* AuthenticationService.swift */; };
		73D262021EF663100001E9CA /* MainViewController.swift in Sources */ = {isa = PBXBuildFile; fileRef = 73D262011EF663100001E9CA /* MainViewController.swift */; };
		73D262061EF66F6F0001E9CA /* KeychainGateway.swift in Sources */ = {isa = PBXBuildFile; fileRef = 73D262051EF66F6F0001E9CA /* KeychainGateway.swift */; };
		73D262081EF66FC20001E9CA /* KeychainSavingProtocol.swift in Sources */ = {isa = PBXBuildFile; fileRef = 73D262071EF66FC20001E9CA /* KeychainSavingProtocol.swift */; };
		AC856469B7E4DA1B9A1E1805 /* Pods_Genny.framework in Frameworks */ = {isa = PBXBuildFile; fileRef = 69594F571E72E62FEBB057A6 /* Pods_Genny.framework */; };
/* End PBXBuildFile section */

/* Begin PBXContainerItemProxy section */
		73647D041EF1915F0044C2F6 /* PBXContainerItemProxy */ = {
			isa = PBXContainerItemProxy;
			containerPortal = 73647CE71EF1915E0044C2F6 /* Project object */;
			proxyType = 1;
			remoteGlobalIDString = 73647CEE1EF1915F0044C2F6;
			remoteInfo = "ch40-hybrid";
		};
		73647D0F1EF1915F0044C2F6 /* PBXContainerItemProxy */ = {
			isa = PBXContainerItemProxy;
			containerPortal = 73647CE71EF1915E0044C2F6 /* Project object */;
			proxyType = 1;
			remoteGlobalIDString = 73647CEE1EF1915F0044C2F6;
			remoteInfo = "ch40-hybrid";
		};
/* End PBXContainerItemProxy section */

/* Begin PBXFileReference section */
		2B47BECB91FE581EB854F914 /* Pods-Genny.debug.xcconfig */ = {isa = PBXFileReference; includeInIndex = 1; lastKnownFileType = text.xcconfig; name = "Pods-Genny.debug.xcconfig"; path = "Pods/Target Support Files/Pods-Genny/Pods-Genny.debug.xcconfig"; sourceTree = "<group>"; };
		69594F571E72E62FEBB057A6 /* Pods_Genny.framework */ = {isa = PBXFileReference; explicitFileType = wrapper.framework; includeInIndex = 0; path = Pods_Genny.framework; sourceTree = BUILT_PRODUCTS_DIR; };
		73647CEF1EF1915F0044C2F6 /* Genny.app */ = {isa = PBXFileReference; explicitFileType = wrapper.application; includeInIndex = 0; path = Genny.app; sourceTree = BUILT_PRODUCTS_DIR; };
		73647CF21EF1915F0044C2F6 /* AppDelegate.swift */ = {isa = PBXFileReference; lastKnownFileType = sourcecode.swift; path = AppDelegate.swift; sourceTree = "<group>"; };
		73647CF41EF1915F0044C2F6 /* LoginViewController.swift */ = {isa = PBXFileReference; lastKnownFileType = sourcecode.swift; path = LoginViewController.swift; sourceTree = "<group>"; };
		73647CF71EF1915F0044C2F6 /* Base */ = {isa = PBXFileReference; lastKnownFileType = file.storyboard; name = Base; path = Base.lproj/Main.storyboard; sourceTree = "<group>"; };
		73647CF91EF1915F0044C2F6 /* Assets.xcassets */ = {isa = PBXFileReference; lastKnownFileType = folder.assetcatalog; path = Assets.xcassets; sourceTree = "<group>"; };
		73647CFC1EF1915F0044C2F6 /* Base */ = {isa = PBXFileReference; lastKnownFileType = file.storyboard; name = Base; path = Base.lproj/LaunchScreen.storyboard; sourceTree = "<group>"; };
		73647CFE1EF1915F0044C2F6 /* Info.plist */ = {isa = PBXFileReference; lastKnownFileType = text.plist.xml; path = Info.plist; sourceTree = "<group>"; };
		73647D031EF1915F0044C2F6 /* GennyTests.xctest */ = {isa = PBXFileReference; explicitFileType = wrapper.cfbundle; includeInIndex = 0; path = GennyTests.xctest; sourceTree = BUILT_PRODUCTS_DIR; };
		73647D071EF1915F0044C2F6 /* GennyTests.swift */ = {isa = PBXFileReference; lastKnownFileType = sourcecode.swift; path = GennyTests.swift; sourceTree = "<group>"; };
		73647D091EF1915F0044C2F6 /* Info.plist */ = {isa = PBXFileReference; lastKnownFileType = text.plist.xml; path = Info.plist; sourceTree = "<group>"; };
		73647D0E1EF1915F0044C2F6 /* GennyUITests.xctest */ = {isa = PBXFileReference; explicitFileType = wrapper.cfbundle; includeInIndex = 0; path = GennyUITests.xctest; sourceTree = BUILT_PRODUCTS_DIR; };
		73647D121EF1915F0044C2F6 /* GennyUITests.swift */ = {isa = PBXFileReference; lastKnownFileType = sourcecode.swift; path = GennyUITests.swift; sourceTree = "<group>"; };
		73647D141EF1915F0044C2F6 /* Info.plist */ = {isa = PBXFileReference; lastKnownFileType = text.plist.xml; path = Info.plist; sourceTree = "<group>"; };
		737652D01EF68A49003A832D /* Int+Additions.swift */ = {isa = PBXFileReference; fileEncoding = 4; lastKnownFileType = sourcecode.swift; path = "Int+Additions.swift"; sourceTree = "<group>"; };
		73A495CF1EF53A270012CA4E /* EventBus.swift */ = {isa = PBXFileReference; fileEncoding = 4; lastKnownFileType = sourcecode.swift; path = EventBus.swift; sourceTree = "<group>"; };
		73A495D01EF53A270012CA4E /* Message.swift */ = {isa = PBXFileReference; fileEncoding = 4; lastKnownFileType = sourcecode.swift; path = Message.swift; sourceTree = "<group>"; };
		73A495D11EF53A270012CA4E /* Mutex.swift */ = {isa = PBXFileReference; fileEncoding = 4; lastKnownFileType = sourcecode.swift; path = Mutex.swift; sourceTree = "<group>"; };
		73A495D21EF53A270012CA4E /* Response.swift */ = {isa = PBXFileReference; fileEncoding = 4; lastKnownFileType = sourcecode.swift; path = Response.swift; sourceTree = "<group>"; };
		73A495D31EF53A270012CA4E /* Util.swift */ = {isa = PBXFileReference; fileEncoding = 4; lastKnownFileType = sourcecode.swift; path = Util.swift; sourceTree = "<group>"; };
		73BC9C561EF2551400032F36 /* API.swift */ = {isa = PBXFileReference; fileEncoding = 4; lastKnownFileType = sourcecode.swift; path = API.swift; sourceTree = "<group>"; };
		73BC9C591EF2681100032F36 /* ServerPrtocols.swift */ = {isa = PBXFileReference; fileEncoding = 4; lastKnownFileType = sourcecode.swift; path = ServerPrtocols.swift; sourceTree = "<group>"; };
		73BC9C5C1EF2688400032F36 /* ServerGateway.swift */ = {isa = PBXFileReference; fileEncoding = 4; lastKnownFileType = sourcecode.swift; path = ServerGateway.swift; sourceTree = "<group>"; };
		73BC9C5F1EF268F600032F36 /* ServerGateway+Authentication.swift */ = {isa = PBXFileReference; fileEncoding = 4; lastKnownFileType = sourcecode.swift; path = "ServerGateway+Authentication.swift"; sourceTree = "<group>"; };
		73BC9C641EF26B2F00032F36 /* AuthenticationServiceProtocol.swift */ = {isa = PBXFileReference; fileEncoding = 4; lastKnownFileType = sourcecode.swift; path = AuthenticationServiceProtocol.swift; sourceTree = "<group>"; };
		73BC9C671EF26B5E00032F36 /* AuthenticationService.swift */ = {isa = PBXFileReference; fileEncoding = 4; lastKnownFileType = sourcecode.swift; path = AuthenticationService.swift; sourceTree = "<group>"; };
		73D262011EF663100001E9CA /* MainViewController.swift */ = {isa = PBXFileReference; fileEncoding = 4; lastKnownFileType = sourcecode.swift; path = MainViewController.swift; sourceTree = "<group>"; };
		73D262051EF66F6F0001E9CA /* KeychainGateway.swift */ = {isa = PBXFileReference; fileEncoding = 4; lastKnownFileType = sourcecode.swift; path = KeychainGateway.swift; sourceTree = "<group>"; };
		73D262071EF66FC20001E9CA /* KeychainSavingProtocol.swift */ = {isa = PBXFileReference; fileEncoding = 4; lastKnownFileType = sourcecode.swift; path = KeychainSavingProtocol.swift; sourceTree = "<group>"; };
		7F93FB3B6505C43BE23FF47A /* Pods-Genny.release.xcconfig */ = {isa = PBXFileReference; includeInIndex = 1; lastKnownFileType = text.xcconfig; name = "Pods-Genny.release.xcconfig"; path = "Pods/Target Support Files/Pods-Genny/Pods-Genny.release.xcconfig"; sourceTree = "<group>"; };
/* End PBXFileReference section */

/* Begin PBXFrameworksBuildPhase section */
		73647CEC1EF1915F0044C2F6 /* Frameworks */ = {
			isa = PBXFrameworksBuildPhase;
			buildActionMask = 2147483647;
			files = (
				AC856469B7E4DA1B9A1E1805 /* Pods_Genny.framework in Frameworks */,
			);
			runOnlyForDeploymentPostprocessing = 0;
		};
		73647D001EF1915F0044C2F6 /* Frameworks */ = {
			isa = PBXFrameworksBuildPhase;
			buildActionMask = 2147483647;
			files = (
			);
			runOnlyForDeploymentPostprocessing = 0;
		};
		73647D0B1EF1915F0044C2F6 /* Frameworks */ = {
			isa = PBXFrameworksBuildPhase;
			buildActionMask = 2147483647;
			files = (
			);
			runOnlyForDeploymentPostprocessing = 0;
		};
/* End PBXFrameworksBuildPhase section */

/* Begin PBXGroup section */
		0090CFF72B15513FBE7B5253 /* Frameworks */ = {
			isa = PBXGroup;
			children = (
				69594F571E72E62FEBB057A6 /* Pods_Genny.framework */,
			);
			name = Frameworks;
			sourceTree = "<group>";
		};
		735BF98A1EF6877700432139 /* Source */ = {
			isa = PBXGroup;
			children = (
				73647CF41EF1915F0044C2F6 /* LoginViewController.swift */,
				73D262011EF663100001E9CA /* MainViewController.swift */,
			);
			path = Source;
			sourceTree = "<group>";
		};
		73647CE61EF1915E0044C2F6 = {
			isa = PBXGroup;
			children = (
				73647CF11EF1915F0044C2F6 /* Genny */,
				73647D061EF1915F0044C2F6 /* GennyTests */,
				73647D111EF1915F0044C2F6 /* GennyUITests */,
				73647CF01EF1915F0044C2F6 /* Products */,
				7FDA84BA479228AADBD4A53B /* Pods */,
				0090CFF72B15513FBE7B5253 /* Frameworks */,
			);
			sourceTree = "<group>";
		};
		73647CF01EF1915F0044C2F6 /* Products */ = {
			isa = PBXGroup;
			children = (
				73647CEF1EF1915F0044C2F6 /* Genny.app */,
				73647D031EF1915F0044C2F6 /* GennyTests.xctest */,
				73647D0E1EF1915F0044C2F6 /* GennyUITests.xctest */,
			);
			name = Products;
			sourceTree = "<group>";
		};
		73647CF11EF1915F0044C2F6 /* Genny */ = {
			isa = PBXGroup;
			children = (
				73647CF21EF1915F0044C2F6 /* AppDelegate.swift */,
				737652CF1EF68A22003A832D /* Extensions */,
				73BC9C621EF26AE100032F36 /* Services */,
				73A495CE1EF53A270012CA4E /* Vertx */,
				735BF98A1EF6877700432139 /* Source */,
				73647CF61EF1915F0044C2F6 /* Main.storyboard */,
				73647CF91EF1915F0044C2F6 /* Assets.xcassets */,
				73647CFB1EF1915F0044C2F6 /* LaunchScreen.storyboard */,
				73647CFE1EF1915F0044C2F6 /* Info.plist */,
			);
			path = Genny;
			sourceTree = "<group>";
		};
		73647D061EF1915F0044C2F6 /* GennyTests */ = {
			isa = PBXGroup;
			children = (
				73647D071EF1915F0044C2F6 /* GennyTests.swift */,
				73647D091EF1915F0044C2F6 /* Info.plist */,
			);
			path = GennyTests;
			sourceTree = "<group>";
		};
		73647D111EF1915F0044C2F6 /* GennyUITests */ = {
			isa = PBXGroup;
			children = (
				73647D121EF1915F0044C2F6 /* GennyUITests.swift */,
				73647D141EF1915F0044C2F6 /* Info.plist */,
			);
			path = GennyUITests;
			sourceTree = "<group>";
		};
		737652CF1EF68A22003A832D /* Extensions */ = {
			isa = PBXGroup;
			children = (
				737652D01EF68A49003A832D /* Int+Additions.swift */,
			);
			path = Extensions;
			sourceTree = "<group>";
		};
		73A495CE1EF53A270012CA4E /* Vertx */ = {
			isa = PBXGroup;
			children = (
				73A495CF1EF53A270012CA4E /* EventBus.swift */,
				73A495D01EF53A270012CA4E /* Message.swift */,
				73A495D11EF53A270012CA4E /* Mutex.swift */,
				73A495D21EF53A270012CA4E /* Response.swift */,
				73A495D31EF53A270012CA4E /* Util.swift */,
			);
			path = Vertx;
			sourceTree = "<group>";
		};
		73BC9C541EF24DC500032F36 /* Gateways */ = {
			isa = PBXGroup;
			children = (
				73D262041EF66F430001E9CA /* Keychain Gateway */,
				73BC9C551EF254BE00032F36 /* Server Gateways */,
			);
			path = Gateways;
			sourceTree = "<group>";
		};
		73BC9C551EF254BE00032F36 /* Server Gateways */ = {
			isa = PBXGroup;
			children = (
				73BC9C561EF2551400032F36 /* API.swift */,
				73BC9C591EF2681100032F36 /* ServerPrtocols.swift */,
				73BC9C5C1EF2688400032F36 /* ServerGateway.swift */,
				73BC9C5F1EF268F600032F36 /* ServerGateway+Authentication.swift */,
			);
			path = "Server Gateways";
			sourceTree = "<group>";
		};
		73BC9C621EF26AE100032F36 /* Services */ = {
			isa = PBXGroup;
			children = (
				73BC9C631EF26B0000032F36 /* Authentication Services */,
				73BC9C541EF24DC500032F36 /* Gateways */,
			);
			path = Services;
			sourceTree = "<group>";
		};
		73BC9C631EF26B0000032F36 /* Authentication Services */ = {
			isa = PBXGroup;
			children = (
				73BC9C641EF26B2F00032F36 /* AuthenticationServiceProtocol.swift */,
				73BC9C671EF26B5E00032F36 /* AuthenticationService.swift */,
			);
			path = "Authentication Services";
			sourceTree = "<group>";
		};
		73D262041EF66F430001E9CA /* Keychain Gateway */ = {
			isa = PBXGroup;
			children = (
				73D262051EF66F6F0001E9CA /* KeychainGateway.swift */,
				73D262071EF66FC20001E9CA /* KeychainSavingProtocol.swift */,
			);
			path = "Keychain Gateway";
			sourceTree = "<group>";
		};
		7FDA84BA479228AADBD4A53B /* Pods */ = {
			isa = PBXGroup;
			children = (
				2B47BECB91FE581EB854F914 /* Pods-Genny.debug.xcconfig */,
				7F93FB3B6505C43BE23FF47A /* Pods-Genny.release.xcconfig */,
			);
			name = Pods;
			sourceTree = "<group>";
		};
/* End PBXGroup section */

/* Begin PBXNativeTarget section */
		73647CEE1EF1915F0044C2F6 /* Genny */ = {
			isa = PBXNativeTarget;
			buildConfigurationList = 73647D171EF1915F0044C2F6 /* Build configuration list for PBXNativeTarget "Genny" */;
			buildPhases = (
				05060A330398AC6BDD9B33A8 /* [CP] Check Pods Manifest.lock */,
				73647CEB1EF1915F0044C2F6 /* Sources */,
				73647CEC1EF1915F0044C2F6 /* Frameworks */,
				73647CED1EF1915F0044C2F6 /* Resources */,
				8F8DCEE33BCFBF1D1EDF913A /* [CP] Embed Pods Frameworks */,
				7A659F41F7BDB10C8FC959FC /* [CP] Copy Pods Resources */,
			);
			buildRules = (
			);
			dependencies = (
			);
			name = Genny;
			productName = "ch40-hybrid";
			productReference = 73647CEF1EF1915F0044C2F6 /* Genny.app */;
			productType = "com.apple.product-type.application";
		};
		73647D021EF1915F0044C2F6 /* GennyTests */ = {
			isa = PBXNativeTarget;
			buildConfigurationList = 73647D1A1EF1915F0044C2F6 /* Build configuration list for PBXNativeTarget "GennyTests" */;
			buildPhases = (
				73647CFF1EF1915F0044C2F6 /* Sources */,
				73647D001EF1915F0044C2F6 /* Frameworks */,
				73647D011EF1915F0044C2F6 /* Resources */,
			);
			buildRules = (
			);
			dependencies = (
				73647D051EF1915F0044C2F6 /* PBXTargetDependency */,
			);
			name = GennyTests;
			productName = "ch40-hybridTests";
			productReference = 73647D031EF1915F0044C2F6 /* GennyTests.xctest */;
			productType = "com.apple.product-type.bundle.unit-test";
		};
		73647D0D1EF1915F0044C2F6 /* GennyUITests */ = {
			isa = PBXNativeTarget;
			buildConfigurationList = 73647D1D1EF1915F0044C2F6 /* Build configuration list for PBXNativeTarget "GennyUITests" */;
			buildPhases = (
				73647D0A1EF1915F0044C2F6 /* Sources */,
				73647D0B1EF1915F0044C2F6 /* Frameworks */,
				73647D0C1EF1915F0044C2F6 /* Resources */,
			);
			buildRules = (
			);
			dependencies = (
				73647D101EF1915F0044C2F6 /* PBXTargetDependency */,
			);
			name = GennyUITests;
			productName = "ch40-hybridUITests";
			productReference = 73647D0E1EF1915F0044C2F6 /* GennyUITests.xctest */;
			productType = "com.apple.product-type.bundle.ui-testing";
		};
/* End PBXNativeTarget section */

/* Begin PBXProject section */
		73647CE71EF1915E0044C2F6 /* Project object */ = {
			isa = PBXProject;
			attributes = {
				LastSwiftUpdateCheck = 0830;
				LastUpgradeCheck = 0830;
				TargetAttributes = {
					73647CEE1EF1915F0044C2F6 = {
						CreatedOnToolsVersion = 8.3.3;
						ProvisioningStyle = Automatic;
					};
					73647D021EF1915F0044C2F6 = {
						CreatedOnToolsVersion = 8.3.3;
						ProvisioningStyle = Automatic;
						TestTargetID = 73647CEE1EF1915F0044C2F6;
					};
					73647D0D1EF1915F0044C2F6 = {
						CreatedOnToolsVersion = 8.3.3;
						ProvisioningStyle = Automatic;
						TestTargetID = 73647CEE1EF1915F0044C2F6;
					};
				};
			};
			buildConfigurationList = 73647CEA1EF1915E0044C2F6 /* Build configuration list for PBXProject "Genny" */;
			compatibilityVersion = "Xcode 3.2";
			developmentRegion = English;
			hasScannedForEncodings = 0;
			knownRegions = (
				en,
				Base,
			);
			mainGroup = 73647CE61EF1915E0044C2F6;
			productRefGroup = 73647CF01EF1915F0044C2F6 /* Products */;
			projectDirPath = "";
			projectRoot = "";
			targets = (
				73647CEE1EF1915F0044C2F6 /* Genny */,
				73647D021EF1915F0044C2F6 /* GennyTests */,
				73647D0D1EF1915F0044C2F6 /* GennyUITests */,
			);
		};
/* End PBXProject section */

/* Begin PBXResourcesBuildPhase section */
		73647CED1EF1915F0044C2F6 /* Resources */ = {
			isa = PBXResourcesBuildPhase;
			buildActionMask = 2147483647;
			files = (
				73647CFD1EF1915F0044C2F6 /* LaunchScreen.storyboard in Resources */,
				73647CFA1EF1915F0044C2F6 /* Assets.xcassets in Resources */,
				73647CF81EF1915F0044C2F6 /* Main.storyboard in Resources */,
			);
			runOnlyForDeploymentPostprocessing = 0;
		};
		73647D011EF1915F0044C2F6 /* Resources */ = {
			isa = PBXResourcesBuildPhase;
			buildActionMask = 2147483647;
			files = (
			);
			runOnlyForDeploymentPostprocessing = 0;
		};
		73647D0C1EF1915F0044C2F6 /* Resources */ = {
			isa = PBXResourcesBuildPhase;
			buildActionMask = 2147483647;
			files = (
			);
			runOnlyForDeploymentPostprocessing = 0;
		};
/* End PBXResourcesBuildPhase section */

/* Begin PBXShellScriptBuildPhase section */
		05060A330398AC6BDD9B33A8 /* [CP] Check Pods Manifest.lock */ = {
			isa = PBXShellScriptBuildPhase;
			buildActionMask = 2147483647;
			files = (
			);
			inputPaths = (
			);
			name = "[CP] Check Pods Manifest.lock";
			outputPaths = (
			);
			runOnlyForDeploymentPostprocessing = 0;
			shellPath = /bin/sh;
			shellScript = "diff \"${PODS_PODFILE_DIR_PATH}/Podfile.lock\" \"${PODS_ROOT}/Manifest.lock\" > /dev/null\nif [ $? != 0 ] ; then\n    # print error to STDERR\n    echo \"error: The sandbox is not in sync with the Podfile.lock. Run 'pod install' or update your CocoaPods installation.\" >&2\n    exit 1\nfi\n";
			showEnvVarsInLog = 0;
		};
		7A659F41F7BDB10C8FC959FC /* [CP] Copy Pods Resources */ = {
			isa = PBXShellScriptBuildPhase;
			buildActionMask = 2147483647;
			files = (
			);
			inputPaths = (
			);
			name = "[CP] Copy Pods Resources";
			outputPaths = (
			);
			runOnlyForDeploymentPostprocessing = 0;
			shellPath = /bin/sh;
			shellScript = "\"${SRCROOT}/Pods/Target Support Files/Pods-Genny/Pods-Genny-resources.sh\"\n";
			showEnvVarsInLog = 0;
		};
		8F8DCEE33BCFBF1D1EDF913A /* [CP] Embed Pods Frameworks */ = {
			isa = PBXShellScriptBuildPhase;
			buildActionMask = 2147483647;
			files = (
			);
			inputPaths = (
			);
			name = "[CP] Embed Pods Frameworks";
			outputPaths = (
			);
			runOnlyForDeploymentPostprocessing = 0;
			shellPath = /bin/sh;
			shellScript = "\"${SRCROOT}/Pods/Target Support Files/Pods-Genny/Pods-Genny-frameworks.sh\"\n";
			showEnvVarsInLog = 0;
		};
/* End PBXShellScriptBuildPhase section */

/* Begin PBXSourcesBuildPhase section */
		73647CEB1EF1915F0044C2F6 /* Sources */ = {
			isa = PBXSourcesBuildPhase;
			buildActionMask = 2147483647;
			files = (
				73BC9C5A1EF2681100032F36 /* ServerPrtocols.swift in Sources */,
				73647CF51EF1915F0044C2F6 /* LoginViewController.swift in Sources */,
				73BC9C571EF2551400032F36 /* API.swift in Sources */,
				73BC9C651EF26B2F00032F36 /* AuthenticationServiceProtocol.swift in Sources */,
				73A495D71EF53A270012CA4E /* Response.swift in Sources */,
				73A495D41EF53A270012CA4E /* EventBus.swift in Sources */,
				73BC9C5D1EF2688400032F36 /* ServerGateway.swift in Sources */,
				73D262021EF663100001E9CA /* MainViewController.swift in Sources */,
				73A495D81EF53A270012CA4E /* Util.swift in Sources */,
				737652D11EF68A49003A832D /* Int+Additions.swift in Sources */,
				73D262061EF66F6F0001E9CA /* KeychainGateway.swift in Sources */,
				73A495D61EF53A270012CA4E /* Mutex.swift in Sources */,
				73647CF31EF1915F0044C2F6 /* AppDelegate.swift in Sources */,
				73A495D51EF53A270012CA4E /* Message.swift in Sources */,
				73D262081EF66FC20001E9CA /* KeychainSavingProtocol.swift in Sources */,
				73BC9C601EF268F600032F36 /* ServerGateway+Authentication.swift in Sources */,
				73BC9C681EF26B5E00032F36 /* AuthenticationService.swift in Sources */,
			);
			runOnlyForDeploymentPostprocessing = 0;
		};
		73647CFF1EF1915F0044C2F6 /* Sources */ = {
			isa = PBXSourcesBuildPhase;
			buildActionMask = 2147483647;
			files = (
				73BC9C581EF2551400032F36 /* API.swift in Sources */,
				73647D081EF1915F0044C2F6 /* GennyTests.swift in Sources */,
				73BC9C611EF268F600032F36 /* ServerGateway+Authentication.swift in Sources */,
				73BC9C661EF26B2F00032F36 /* AuthenticationServiceProtocol.swift in Sources */,
				73BC9C5B1EF2681100032F36 /* ServerPrtocols.swift in Sources */,
				73BC9C5E1EF2688400032F36 /* ServerGateway.swift in Sources */,
				73BC9C691EF26B5E00032F36 /* AuthenticationService.swift in Sources */,
			);
			runOnlyForDeploymentPostprocessing = 0;
		};
		73647D0A1EF1915F0044C2F6 /* Sources */ = {
			isa = PBXSourcesBuildPhase;
			buildActionMask = 2147483647;
			files = (
				73647D131EF1915F0044C2F6 /* GennyUITests.swift in Sources */,
			);
			runOnlyForDeploymentPostprocessing = 0;
		};
/* End PBXSourcesBuildPhase section */

/* Begin PBXTargetDependency section */
		73647D051EF1915F0044C2F6 /* PBXTargetDependency */ = {
			isa = PBXTargetDependency;
			target = 73647CEE1EF1915F0044C2F6 /* Genny */;
			targetProxy = 73647D041EF1915F0044C2F6 /* PBXContainerItemProxy */;
		};
		73647D101EF1915F0044C2F6 /* PBXTargetDependency */ = {
			isa = PBXTargetDependency;
			target = 73647CEE1EF1915F0044C2F6 /* Genny */;
			targetProxy = 73647D0F1EF1915F0044C2F6 /* PBXContainerItemProxy */;
		};
/* End PBXTargetDependency section */

/* Begin PBXVariantGroup section */
		73647CF61EF1915F0044C2F6 /* Main.storyboard */ = {
			isa = PBXVariantGroup;
			children = (
				73647CF71EF1915F0044C2F6 /* Base */,
			);
			name = Main.storyboard;
			sourceTree = "<group>";
		};
		73647CFB1EF1915F0044C2F6 /* LaunchScreen.storyboard */ = {
			isa = PBXVariantGroup;
			children = (
				73647CFC1EF1915F0044C2F6 /* Base */,
			);
			name = LaunchScreen.storyboard;
			sourceTree = "<group>";
		};
/* End PBXVariantGroup section */

/* Begin XCBuildConfiguration section */
		73647D151EF1915F0044C2F6 /* Debug */ = {
			isa = XCBuildConfiguration;
			buildSettings = {
				ALWAYS_SEARCH_USER_PATHS = NO;
				CLANG_ANALYZER_NONNULL = YES;
				CLANG_ANALYZER_NUMBER_OBJECT_CONVERSION = YES_AGGRESSIVE;
				CLANG_CXX_LANGUAGE_STANDARD = "gnu++0x";
				CLANG_CXX_LIBRARY = "libc++";
				CLANG_ENABLE_MODULES = YES;
				CLANG_ENABLE_OBJC_ARC = YES;
				CLANG_WARN_BOOL_CONVERSION = YES;
				CLANG_WARN_CONSTANT_CONVERSION = YES;
				CLANG_WARN_DIRECT_OBJC_ISA_USAGE = YES_ERROR;
				CLANG_WARN_DOCUMENTATION_COMMENTS = YES;
				CLANG_WARN_EMPTY_BODY = YES;
				CLANG_WARN_ENUM_CONVERSION = YES;
				CLANG_WARN_INFINITE_RECURSION = YES;
				CLANG_WARN_INT_CONVERSION = YES;
				CLANG_WARN_OBJC_ROOT_CLASS = YES_ERROR;
				CLANG_WARN_SUSPICIOUS_MOVE = YES;
				CLANG_WARN_UNREACHABLE_CODE = YES;
				CLANG_WARN__DUPLICATE_METHOD_MATCH = YES;
				"CODE_SIGN_IDENTITY[sdk=iphoneos*]" = "iPhone Developer";
				COPY_PHASE_STRIP = NO;
				DEBUG_INFORMATION_FORMAT = dwarf;
				ENABLE_STRICT_OBJC_MSGSEND = YES;
				ENABLE_TESTABILITY = YES;
				GCC_C_LANGUAGE_STANDARD = gnu99;
				GCC_DYNAMIC_NO_PIC = NO;
				GCC_NO_COMMON_BLOCKS = YES;
				GCC_OPTIMIZATION_LEVEL = 0;
				GCC_PREPROCESSOR_DEFINITIONS = (
					"DEBUG=1",
					"$(inherited)",
				);
				GCC_WARN_64_TO_32_BIT_CONVERSION = YES;
				GCC_WARN_ABOUT_RETURN_TYPE = YES_ERROR;
				GCC_WARN_UNDECLARED_SELECTOR = YES;
				GCC_WARN_UNINITIALIZED_AUTOS = YES_AGGRESSIVE;
				GCC_WARN_UNUSED_FUNCTION = YES;
				GCC_WARN_UNUSED_VARIABLE = YES;
				IPHONEOS_DEPLOYMENT_TARGET = 10.3;
				MTL_ENABLE_DEBUG_INFO = YES;
				ONLY_ACTIVE_ARCH = YES;
				SDKROOT = iphoneos;
				SWIFT_ACTIVE_COMPILATION_CONDITIONS = DEBUG;
				SWIFT_OPTIMIZATION_LEVEL = "-Onone";
			};
			name = Debug;
		};
		73647D161EF1915F0044C2F6 /* Release */ = {
			isa = XCBuildConfiguration;
			buildSettings = {
				ALWAYS_SEARCH_USER_PATHS = NO;
				CLANG_ANALYZER_NONNULL = YES;
				CLANG_ANALYZER_NUMBER_OBJECT_CONVERSION = YES_AGGRESSIVE;
				CLANG_CXX_LANGUAGE_STANDARD = "gnu++0x";
				CLANG_CXX_LIBRARY = "libc++";
				CLANG_ENABLE_MODULES = YES;
				CLANG_ENABLE_OBJC_ARC = YES;
				CLANG_WARN_BOOL_CONVERSION = YES;
				CLANG_WARN_CONSTANT_CONVERSION = YES;
				CLANG_WARN_DIRECT_OBJC_ISA_USAGE = YES_ERROR;
				CLANG_WARN_DOCUMENTATION_COMMENTS = YES;
				CLANG_WARN_EMPTY_BODY = YES;
				CLANG_WARN_ENUM_CONVERSION = YES;
				CLANG_WARN_INFINITE_RECURSION = YES;
				CLANG_WARN_INT_CONVERSION = YES;
				CLANG_WARN_OBJC_ROOT_CLASS = YES_ERROR;
				CLANG_WARN_SUSPICIOUS_MOVE = YES;
				CLANG_WARN_UNREACHABLE_CODE = YES;
				CLANG_WARN__DUPLICATE_METHOD_MATCH = YES;
				"CODE_SIGN_IDENTITY[sdk=iphoneos*]" = "iPhone Developer";
				COPY_PHASE_STRIP = NO;
				DEBUG_INFORMATION_FORMAT = "dwarf-with-dsym";
				ENABLE_NS_ASSERTIONS = NO;
				ENABLE_STRICT_OBJC_MSGSEND = YES;
				GCC_C_LANGUAGE_STANDARD = gnu99;
				GCC_NO_COMMON_BLOCKS = YES;
				GCC_WARN_64_TO_32_BIT_CONVERSION = YES;
				GCC_WARN_ABOUT_RETURN_TYPE = YES_ERROR;
				GCC_WARN_UNDECLARED_SELECTOR = YES;
				GCC_WARN_UNINITIALIZED_AUTOS = YES_AGGRESSIVE;
				GCC_WARN_UNUSED_FUNCTION = YES;
				GCC_WARN_UNUSED_VARIABLE = YES;
				IPHONEOS_DEPLOYMENT_TARGET = 10.3;
				MTL_ENABLE_DEBUG_INFO = NO;
				SDKROOT = iphoneos;
				SWIFT_OPTIMIZATION_LEVEL = "-Owholemodule";
				VALIDATE_PRODUCT = YES;
			};
			name = Release;
		};
		73647D181EF1915F0044C2F6 /* Debug */ = {
			isa = XCBuildConfiguration;
			baseConfigurationReference = 2B47BECB91FE581EB854F914 /* Pods-Genny.debug.xcconfig */;
			buildSettings = {
				ASSETCATALOG_COMPILER_APPICON_NAME = AppIcon;
				DEVELOPMENT_TEAM = "";
				INFOPLIST_FILE = "$(SRCROOT)/Genny/Info.plist";
				LD_RUNPATH_SEARCH_PATHS = "$(inherited) @executable_path/Frameworks";
				PRODUCT_BUNDLE_IDENTIFIER = "com.genny.-";
				PRODUCT_NAME = "$(TARGET_NAME)";
				SWIFT_VERSION = 3.0;
			};
			name = Debug;
		};
		73647D191EF1915F0044C2F6 /* Release */ = {
			isa = XCBuildConfiguration;
			baseConfigurationReference = 7F93FB3B6505C43BE23FF47A /* Pods-Genny.release.xcconfig */;
			buildSettings = {
				ASSETCATALOG_COMPILER_APPICON_NAME = AppIcon;
				DEVELOPMENT_TEAM = "";
				INFOPLIST_FILE = "$(SRCROOT)/Genny/Info.plist";
				LD_RUNPATH_SEARCH_PATHS = "$(inherited) @executable_path/Frameworks";
				PRODUCT_BUNDLE_IDENTIFIER = "com.genny.-";
				PRODUCT_NAME = "$(TARGET_NAME)";
				SWIFT_VERSION = 3.0;
			};
			name = Release;
		};
		73647D1B1EF1915F0044C2F6 /* Debug */ = {
			isa = XCBuildConfiguration;
			buildSettings = {
				ALWAYS_EMBED_SWIFT_STANDARD_LIBRARIES = YES;
				BUNDLE_LOADER = "$(TEST_HOST)";
				INFOPLIST_FILE = GennyTests/Info.plist;
				LD_RUNPATH_SEARCH_PATHS = "$(inherited) @executable_path/Frameworks @loader_path/Frameworks";
				PRODUCT_BUNDLE_IDENTIFIER = "com.genny.-";
				PRODUCT_NAME = "$(TARGET_NAME)";
				SWIFT_VERSION = 3.0;
				TEST_HOST = "$(BUILT_PRODUCTS_DIR)/Genny.app/Genny";
			};
			name = Debug;
		};
		73647D1C1EF1915F0044C2F6 /* Release */ = {
			isa = XCBuildConfiguration;
			buildSettings = {
				ALWAYS_EMBED_SWIFT_STANDARD_LIBRARIES = YES;
				BUNDLE_LOADER = "$(TEST_HOST)";
				INFOPLIST_FILE = GennyTests/Info.plist;
				LD_RUNPATH_SEARCH_PATHS = "$(inherited) @executable_path/Frameworks @loader_path/Frameworks";
				PRODUCT_BUNDLE_IDENTIFIER = "com.genny.-";
				PRODUCT_NAME = "$(TARGET_NAME)";
				SWIFT_VERSION = 3.0;
				TEST_HOST = "$(BUILT_PRODUCTS_DIR)/Genny.app/Genny";
			};
			name = Release;
		};
		73647D1E1EF1915F0044C2F6 /* Debug */ = {
			isa = XCBuildConfiguration;
			buildSettings = {
				ALWAYS_EMBED_SWIFT_STANDARD_LIBRARIES = YES;
				INFOPLIST_FILE = GennyUITests/Info.plist;
				LD_RUNPATH_SEARCH_PATHS = "$(inherited) @executable_path/Frameworks @loader_path/Frameworks";
				PRODUCT_BUNDLE_IDENTIFIER = "com.genny.-";
				PRODUCT_NAME = "$(TARGET_NAME)";
				SWIFT_VERSION = 3.0;
				TEST_TARGET_NAME = Genny;
			};
			name = Debug;
		};
		73647D1F1EF1915F0044C2F6 /* Release */ = {
			isa = XCBuildConfiguration;
			buildSettings = {
				ALWAYS_EMBED_SWIFT_STANDARD_LIBRARIES = YES;
				INFOPLIST_FILE = GennyUITests/Info.plist;
				LD_RUNPATH_SEARCH_PATHS = "$(inherited) @executable_path/Frameworks @loader_path/Frameworks";
				PRODUCT_BUNDLE_IDENTIFIER = "com.genny.-";
				PRODUCT_NAME = "$(TARGET_NAME)";
				SWIFT_VERSION = 3.0;
				TEST_TARGET_NAME = Genny;
			};
			name = Release;
		};
/* End XCBuildConfiguration section */

/* Begin XCConfigurationList section */
		73647CEA1EF1915E0044C2F6 /* Build configuration list for PBXProject "Genny" */ = {
			isa = XCConfigurationList;
			buildConfigurations = (
				73647D151EF1915F0044C2F6 /* Debug */,
				73647D161EF1915F0044C2F6 /* Release */,
			);
			defaultConfigurationIsVisible = 0;
			defaultConfigurationName = Release;
		};
		73647D171EF1915F0044C2F6 /* Build configuration list for PBXNativeTarget "Genny" */ = {
			isa = XCConfigurationList;
			buildConfigurations = (
				73647D181EF1915F0044C2F6 /* Debug */,
				73647D191EF1915F0044C2F6 /* Release */,
			);
			defaultConfigurationIsVisible = 0;
			defaultConfigurationName = Release;
		};
		73647D1A1EF1915F0044C2F6 /* Build configuration list for PBXNativeTarget "GennyTests" */ = {
			isa = XCConfigurationList;
			buildConfigurations = (
				73647D1B1EF1915F0044C2F6 /* Debug */,
				73647D1C1EF1915F0044C2F6 /* Release */,
			);
			defaultConfigurationIsVisible = 0;
			defaultConfigurationName = Release;
		};
		73647D1D1EF1915F0044C2F6 /* Build configuration list for PBXNativeTarget "GennyUITests" */ = {
			isa = XCConfigurationList;
			buildConfigurations = (
				73647D1E1EF1915F0044C2F6 /* Debug */,
				73647D1F1EF1915F0044C2F6 /* Release */,
			);
			defaultConfigurationIsVisible = 0;
			defaultConfigurationName = Release;
		};
/* End XCConfigurationList section */
	};
	rootObject = 73647CE71EF1915E0044C2F6 /* Project object */;
}
